schema: '2.0'
stages:
  train:
    cmd: python src/train.py experiment=catdog_ex +trainer.log_every_n_steps=1
    deps:
    - path: configs/train.yaml
      hash: md5
      md5: 27174c892065f5d2e1c403abf7ccee32
      size: 1108
    - path: data
      hash: md5
      md5: cead1aedef6971688cb1871369a03205.dir
      size: 4987392
      nfiles: 1179
    - path: src/train.py
      hash: md5
      md5: 71945f7cea08f666f1e575b027950793
      size: 2733
    outs:
    - path: logs/train
      hash: md5
      md5: 96e5b3323541855da7cff8b0d9a0afdf.dir
      size: 20361
      nfiles: 8
  eval:
    cmd: python src/eval.py ckpt_path=./logs/checkpoints/last.ckpt
    deps:
    - path: configs/eval.yaml
      hash: md5
      md5: 13e75cd833e2d55f3a916bfa7b769d0a
      size: 1207
    - path: data
      hash: md5
      md5: cead1aedef6971688cb1871369a03205.dir
      size: 4987392
      nfiles: 1179
    - path: src/eval.py
      hash: md5
      md5: ec3d09eff476817738f322162fac5c98
      size: 2471
    outs:
    - path: logs/eval
      hash: md5
      md5: 6657567f00db17a38ecfcf919ff1e01f.dir
      size: 9953
      nfiles: 8
  infer:
    cmd: python src/infer.py ckpt_path=./logs/checkpoints/last.ckpt
    deps:
    - path: configs/infer.yaml
      hash: md5
      md5: 793ac3e26a548599bcc87e181af9aeb7
      size: 780
    - path: data
      hash: md5
      md5: cead1aedef6971688cb1871369a03205.dir
      size: 4987392
      nfiles: 1179
    - path: src/infer.py
      hash: md5
      md5: 33d8609d510424e690b2f59591ecf1f0
      size: 4054
    outs:
    - path: logs/infer
      hash: md5
      md5: 5f3eedebff9e491760741f37ce65e9f8.dir
      size: 21317692
      nfiles: 193
